<?xml version="1.0" encoding="utf-8"?>
<Project ToolsVersion="4.0" xmlns="http://schemas.microsoft.com/developer/msbuild/2003">
  <ItemGroup>
    <Filter Include="Source Files">
      <UniqueIdentifier>{4FC737F1-C7A5-4376-A066-2A32D752A2FF}</UniqueIdentifier>
      <Extensions>cpp;c;cc;cxx;def;odl;idl;hpj;bat;asm;asmx</Extensions>
    </Filter>
    <Filter Include="Header Files">
      <UniqueIdentifier>{93995380-89BD-4b04-88EB-625FBE52EBFB}</UniqueIdentifier>
      <Extensions>h;hh;hpp;hxx;hm;inl;inc;xsd</Extensions>
    </Filter>
    <Filter Include="Resource Files">
      <UniqueIdentifier>{67DA6AB6-F800-4c08-8B7A-83BB121AAD01}</UniqueIdentifier>
      <Extensions>rc;ico;cur;bmp;dlg;rc2;rct;bin;rgs;gif;jpg;jpeg;jpe;resx;tiff;tif;png;wav;mfcribbon-ms</Extensions>
    </Filter>
  </ItemGroup>
  <ItemGroup>
    <ClCompile Include="main.cpp">
      <Filter>Source Files</Filter>
    </ClCompile>
    <ClCompile Include="VATTU.cpp">
      <Filter>Source Files</Filter>
    </ClCompile>
    <ClCompile Include="DS_VATTU.cpp">
      <Filter>Source Files</Filter>
    </ClCompile>
    <ClCompile Include="HOADON.cpp">
      <Filter>Source Files</Filter>
    </ClCompile>
    <ClCompile Include="So Sanh Chuoi Quick Sort.cpp">
      <Filter>Source Files</Filter>
    </ClCompile>
    <ClCompile Include="DS_HOADON.cpp">
      <Filter>Source Files</Filter>
    </ClCompile>
    <ClCompile Include="Nodes_DSHOADON.h">
      <Filter>Header Files</Filter>
    </ClCompile>
    <ClCompile Include="NHANVIEN.cpp">
      <Filter>Source Files</Filter>
    </ClCompile>
    <ClCompile Include="DS_NHANVIEN.cpp">
      <Filter>Source Files</Filter>
    </ClCompile>
    <ClCompile Include="CT_HOADON.cpp">
      <Filter>Source Files</Filter>
    </ClCompile>
    <ClCompile Include="DS_CTHD.cpp">
      <Filter>Source Files</Filter>
    </ClCompile>
    <ClCompile Include="KHOCHUA.cpp">
      <Filter>Source Files</Filter>
    </ClCompile>
  </ItemGroup>
  <ItemGroup>
    <ClInclude Include="VATTU.h">
      <Filter>Header Files</Filter>
    </ClInclude>
    <ClInclude Include="DS_VATTU.h">
      <Filter>Header Files</Filter>
    </ClInclude>
    <ClInclude Include="HOADON.h">
      <Filter>Header Files</Filter>
    </ClInclude>
    <ClInclude Include="DS_HOADON.h">
      <Filter>Header Files</Filter>
    </ClInclude>
    <ClInclude Include="mylib.h">
      <Filter>Header Files</Filter>
    </ClInclude>
    <ClInclude Include="NHANVIEN.h">
      <Filter>Header Files</Filter>
    </ClInclude>
    <ClInclude Include="DS_NHANVIEN.h">
      <Filter>Header Files</Filter>
    </ClInclude>
    <ClInclude Include="Nodes_DSNHANVIEN.h">
      <Filter>Header Files</Filter>
    </ClInclude>
    <ClInclude Include="resource.h">
      <Filter>Header Files</Filter>
    </ClInclude>
    <ClInclude Include="CT_HOADON.h">
      <Filter>Header Files</Filter>
    </ClInclude>
    <ClInclude Include="Nodes_DSCTHOADON.h">
      <Filter>Header Files</Filter>
    </ClInclude>
    <ClInclude Include="DS_CTHD.h">
      <Filter>Header Files</Filter>
    </ClInclude>
    <ClInclude Include="KHOCHUA.h">
      <Filter>Header Files</Filter>
    </ClInclude>
    <ClInclude Include="HamNhapLieu.h">
      <Filter>Header Files</Filter>
    </ClInclude>
  </ItemGroup>
  <ItemGroup>
    <ResourceCompile Include="DoAn.rc">
      <Filter>Resource Files</Filter>
    </ResourceCompile>
  </ItemGroup>
</Project>